// !$*UTF8*$!
{
	archiveVersion = 1;
	classes = {
	};
	objectVersion = 52;
	objects = {

/* Begin PBXBuildFile section */
		525B411928615540005A808C /* TechAssessmentGetGoApp.swift in Sources */ = {isa = PBXBuildFile; fileRef = 525B411828615540005A808C /* TechAssessmentGetGoApp.swift */; };
		525B411B28615540005A808C /* ContentView.swift in Sources */ = {isa = PBXBuildFile; fileRef = 525B411A28615540005A808C /* ContentView.swift */; };
		525B411D28615541005A808C /* Assets.xcassets in Resources */ = {isa = PBXBuildFile; fileRef = 525B411C28615541005A808C /* Assets.xcassets */; };
		525B412028615541005A808C /* Preview Assets.xcassets in Resources */ = {isa = PBXBuildFile; fileRef = 525B411F28615541005A808C /* Preview Assets.xcassets */; };
		525B412B28615542005A808C /* TechAssessmentGetGoTests.swift in Sources */ = {isa = PBXBuildFile; fileRef = 525B412A28615542005A808C /* TechAssessmentGetGoTests.swift */; };
		525B413628615542005A808C /* TechAssessmentGetGoUITests.swift in Sources */ = {isa = PBXBuildFile; fileRef = 525B413528615542005A808C /* TechAssessmentGetGoUITests.swift */; };
		525B414828621B12005A808C /* FetchData.swift in Sources */ = {isa = PBXBuildFile; fileRef = 525B414728621B12005A808C /* FetchData.swift */; };
		525B414A28621B22005A808C /* Character.swift in Sources */ = {isa = PBXBuildFile; fileRef = 525B414928621B22005A808C /* Character.swift */; };
		525B414C28621B2F005A808C /* CharacterList.swift in Sources */ = {isa = PBXBuildFile; fileRef = 525B414B28621B2F005A808C /* CharacterList.swift */; };
		525B414F28622288005A808C /* URLImage in Frameworks */ = {isa = PBXBuildFile; productRef = 525B414E28622288005A808C /* URLImage */; };
/* End PBXBuildFile section */

/* Begin PBXContainerItemProxy section */
		525B412728615542005A808C /* PBXContainerItemProxy */ = {
			isa = PBXContainerItemProxy;
			containerPortal = 525B410D28615540005A808C /* Project object */;
			proxyType = 1;
			remoteGlobalIDString = 525B411428615540005A808C;
			remoteInfo = TechAssessmentGetGo;
		};
		525B413228615542005A808C /* PBXContainerItemProxy */ = {
			isa = PBXContainerItemProxy;
			containerPortal = 525B410D28615540005A808C /* Project object */;
			proxyType = 1;
			remoteGlobalIDString = 525B411428615540005A808C;
			remoteInfo = TechAssessmentGetGo;
		};
/* End PBXContainerItemProxy section */

/* Begin PBXFileReference section */
		525B411528615540005A808C /* TechAssessmentGetGo.app */ = {isa = PBXFileReference; explicitFileType = wrapper.application; includeInIndex = 0; path = TechAssessmentGetGo.app; sourceTree = BUILT_PRODUCTS_DIR; };
		525B411828615540005A808C /* TechAssessmentGetGoApp.swift */ = {isa = PBXFileReference; lastKnownFileType = sourcecode.swift; path = TechAssessmentGetGoApp.swift; sourceTree = "<group>"; };
		525B411A28615540005A808C /* ContentView.swift */ = {isa = PBXFileReference; lastKnownFileType = sourcecode.swift; path = ContentView.swift; sourceTree = "<group>"; };
		525B411C28615541005A808C /* Assets.xcassets */ = {isa = PBXFileReference; lastKnownFileType = folder.assetcatalog; path = Assets.xcassets; sourceTree = "<group>"; };
		525B411F28615541005A808C /* Preview Assets.xcassets */ = {isa = PBXFileReference; lastKnownFileType = folder.assetcatalog; path = "Preview Assets.xcassets"; sourceTree = "<group>"; };
		525B412128615541005A808C /* Info.plist */ = {isa = PBXFileReference; lastKnownFileType = text.plist.xml; path = Info.plist; sourceTree = "<group>"; };
		525B412628615542005A808C /* TechAssessmentGetGoTests.xctest */ = {isa = PBXFileReference; explicitFileType = wrapper.cfbundle; includeInIndex = 0; path = TechAssessmentGetGoTests.xctest; sourceTree = BUILT_PRODUCTS_DIR; };
		525B412A28615542005A808C /* TechAssessmentGetGoTests.swift */ = {isa = PBXFileReference; lastKnownFileType = sourcecode.swift; path = TechAssessmentGetGoTests.swift; sourceTree = "<group>"; };
		525B412C28615542005A808C /* Info.plist */ = {isa = PBXFileReference; lastKnownFileType = text.plist.xml; path = Info.plist; sourceTree = "<group>"; };
		525B413128615542005A808C /* TechAssessmentGetGoUITests.xctest */ = {isa = PBXFileReference; explicitFileType = wrapper.cfbundle; includeInIndex = 0; path = TechAssessmentGetGoUITests.xctest; sourceTree = BUILT_PRODUCTS_DIR; };
		525B413528615542005A808C /* TechAssessmentGetGoUITests.swift */ = {isa = PBXFileReference; lastKnownFileType = sourcecode.swift; path = TechAssessmentGetGoUITests.swift; sourceTree = "<group>"; };
		525B413728615542005A808C /* Info.plist */ = {isa = PBXFileReference; lastKnownFileType = text.plist.xml; path = Info.plist; sourceTree = "<group>"; };
		525B414728621B12005A808C /* FetchData.swift */ = {isa = PBXFileReference; lastKnownFileType = sourcecode.swift; path = FetchData.swift; sourceTree = "<group>"; };
		525B414928621B22005A808C /* Character.swift */ = {isa = PBXFileReference; lastKnownFileType = sourcecode.swift; path = Character.swift; sourceTree = "<group>"; };
		525B414B28621B2F005A808C /* CharacterList.swift */ = {isa = PBXFileReference; lastKnownFileType = sourcecode.swift; path = CharacterList.swift; sourceTree = "<group>"; };
/* End PBXFileReference section */

/* Begin PBXFrameworksBuildPhase section */
		525B411228615540005A808C /* Frameworks */ = {
			isa = PBXFrameworksBuildPhase;
			buildActionMask = 2147483647;
			files = (
				525B414F28622288005A808C /* URLImage in Frameworks */,
			);
			runOnlyForDeploymentPostprocessing = 0;
		};
		525B412328615542005A808C /* Frameworks */ = {
			isa = PBXFrameworksBuildPhase;
			buildActionMask = 2147483647;
			files = (
			);
			runOnlyForDeploymentPostprocessing = 0;
		};
		525B412E28615542005A808C /* Frameworks */ = {
			isa = PBXFrameworksBuildPhase;
			buildActionMask = 2147483647;
			files = (
			);
			runOnlyForDeploymentPostprocessing = 0;
		};
/* End PBXFrameworksBuildPhase section */

/* Begin PBXGroup section */
		525B410C28615540005A808C = {
			isa = PBXGroup;
			children = (
				525B411728615540005A808C /* TechAssessmentGetGo */,
				525B412928615542005A808C /* TechAssessmentGetGoTests */,
				525B413428615542005A808C /* TechAssessmentGetGoUITests */,
				525B411628615540005A808C /* Products */,
			);
			sourceTree = "<group>";
		};
		525B411628615540005A808C /* Products */ = {
			isa = PBXGroup;
			children = (
				525B411528615540005A808C /* TechAssessmentGetGo.app */,
				525B412628615542005A808C /* TechAssessmentGetGoTests.xctest */,
				525B413128615542005A808C /* TechAssessmentGetGoUITests.xctest */,
			);
			name = Products;
			sourceTree = "<group>";
		};
		525B411728615540005A808C /* TechAssessmentGetGo */ = {
			isa = PBXGroup;
			children = (
				525B414628621AFC005A808C /* Fetching */,
				525B414528621AF1005A808C /* Model */,
				525B411828615540005A808C /* TechAssessmentGetGoApp.swift */,
				525B411A28615540005A808C /* ContentView.swift */,
				525B411C28615541005A808C /* Assets.xcassets */,
				525B412128615541005A808C /* Info.plist */,
				525B411E28615541005A808C /* Preview Content */,
			);
			path = TechAssessmentGetGo;
			sourceTree = "<group>";
		};
		525B411E28615541005A808C /* Preview Content */ = {
			isa = PBXGroup;
			children = (
				525B411F28615541005A808C /* Preview Assets.xcassets */,
			);
			path = "Preview Content";
			sourceTree = "<group>";
		};
		525B412928615542005A808C /* TechAssessmentGetGoTests */ = {
			isa = PBXGroup;
			children = (
				525B412A28615542005A808C /* TechAssessmentGetGoTests.swift */,
				525B412C28615542005A808C /* Info.plist */,
			);
			path = TechAssessmentGetGoTests;
			sourceTree = "<group>";
		};
		525B413428615542005A808C /* TechAssessmentGetGoUITests */ = {
			isa = PBXGroup;
			children = (
				525B413528615542005A808C /* TechAssessmentGetGoUITests.swift */,
				525B413728615542005A808C /* Info.plist */,
			);
			path = TechAssessmentGetGoUITests;
			sourceTree = "<group>";
		};
		525B414528621AF1005A808C /* Model */ = {
			isa = PBXGroup;
			children = (
				525B414928621B22005A808C /* Character.swift */,
				525B414B28621B2F005A808C /* CharacterList.swift */,
			);
			path = Model;
			sourceTree = "<group>";
		};
		525B414628621AFC005A808C /* Fetching */ = {
			isa = PBXGroup;
			children = (
				525B414728621B12005A808C /* FetchData.swift */,
			);
			path = Fetching;
			sourceTree = "<group>";
		};
/* End PBXGroup section */

/* Begin PBXNativeTarget section */
		525B411428615540005A808C /* TechAssessmentGetGo */ = {
			isa = PBXNativeTarget;
			buildConfigurationList = 525B413A28615542005A808C /* Build configuration list for PBXNativeTarget "TechAssessmentGetGo" */;
			buildPhases = (
				525B411128615540005A808C /* Sources */,
				525B411228615540005A808C /* Frameworks */,
				525B411328615540005A808C /* Resources */,
			);
			buildRules = (
			);
			dependencies = (
			);
			name = TechAssessmentGetGo;
			packageProductDependencies = (
				525B414E28622288005A808C /* URLImage */,
			);
			productName = TechAssessmentGetGo;
			productReference = 525B411528615540005A808C /* TechAssessmentGetGo.app */;
			productType = "com.apple.product-type.application";
		};
		525B412528615542005A808C /* TechAssessmentGetGoTests */ = {
			isa = PBXNativeTarget;
			buildConfigurationList = 525B413D28615542005A808C /* Build configuration list for PBXNativeTarget "TechAssessmentGetGoTests" */;
			buildPhases = (
				525B412228615542005A808C /* Sources */,
				525B412328615542005A808C /* Frameworks */,
				525B412428615542005A808C /* Resources */,
			);
			buildRules = (
			);
			dependencies = (
				525B412828615542005A808C /* PBXTargetDependency */,
			);
			name = TechAssessmentGetGoTests;
			productName = TechAssessmentGetGoTests;
			productReference = 525B412628615542005A808C /* TechAssessmentGetGoTests.xctest */;
			productType = "com.apple.product-type.bundle.unit-test";
		};
		525B413028615542005A808C /* TechAssessmentGetGoUITests */ = {
			isa = PBXNativeTarget;
			buildConfigurationList = 525B414028615542005A808C /* Build configuration list for PBXNativeTarget "TechAssessmentGetGoUITests" */;
			buildPhases = (
				525B412D28615542005A808C /* Sources */,
				525B412E28615542005A808C /* Frameworks */,
				525B412F28615542005A808C /* Resources */,
			);
			buildRules = (
			);
			dependencies = (
				525B413328615542005A808C /* PBXTargetDependency */,
			);
			name = TechAssessmentGetGoUITests;
			productName = TechAssessmentGetGoUITests;
			productReference = 525B413128615542005A808C /* TechAssessmentGetGoUITests.xctest */;
			productType = "com.apple.product-type.bundle.ui-testing";
		};
/* End PBXNativeTarget section */

/* Begin PBXProject section */
		525B410D28615540005A808C /* Project object */ = {
			isa = PBXProject;
			attributes = {
				LastSwiftUpdateCheck = 1250;
				LastUpgradeCheck = 1250;
				TargetAttributes = {
					525B411428615540005A808C = {
						CreatedOnToolsVersion = 12.5.1;
					};
					525B412528615542005A808C = {
						CreatedOnToolsVersion = 12.5.1;
						TestTargetID = 525B411428615540005A808C;
					};
					525B413028615542005A808C = {
						CreatedOnToolsVersion = 12.5.1;
						TestTargetID = 525B411428615540005A808C;
					};
				};
			};
			buildConfigurationList = 525B411028615540005A808C /* Build configuration list for PBXProject "TechAssessmentGetGo" */;
			compatibilityVersion = "Xcode 9.3";
			developmentRegion = en;
			hasScannedForEncodings = 0;
			knownRegions = (
				en,
				Base,
			);
			mainGroup = 525B410C28615540005A808C;
			packageReferences = (
				525B414D28622288005A808C /* XCRemoteSwiftPackageReference "url-image" */,
			);
			productRefGroup = 525B411628615540005A808C /* Products */;
			projectDirPath = "";
			projectRoot = "";
			targets = (
				525B411428615540005A808C /* TechAssessmentGetGo */,
				525B412528615542005A808C /* TechAssessmentGetGoTests */,
				525B413028615542005A808C /* TechAssessmentGetGoUITests */,
			);
		};
/* End PBXProject section */

/* Begin PBXResourcesBuildPhase section */
		525B411328615540005A808C /* Resources */ = {
			isa = PBXResourcesBuildPhase;
			buildActionMask = 2147483647;
			files = (
				525B412028615541005A808C /* Preview Assets.xcassets in Resources */,
				525B411D28615541005A808C /* Assets.xcassets in Resources */,
			);
			runOnlyForDeploymentPostprocessing = 0;
		};
		525B412428615542005A808C /* Resources */ = {
			isa = PBXResourcesBuildPhase;
			buildActionMask = 2147483647;
			files = (
			);
			runOnlyForDeploymentPostprocessing = 0;
		};
		525B412F28615542005A808C /* Resources */ = {
			isa = PBXResourcesBuildPhase;
			buildActionMask = 2147483647;
			files = (
			);
			runOnlyForDeploymentPostprocessing = 0;
		};
/* End PBXResourcesBuildPhase section */

/* Begin PBXSourcesBuildPhase section */
		525B411128615540005A808C /* Sources */ = {
			isa = PBXSourcesBuildPhase;
			buildActionMask = 2147483647;
			files = (
				525B411B28615540005A808C /* ContentView.swift in Sources */,
				525B414828621B12005A808C /* FetchData.swift in Sources */,
				525B414C28621B2F005A808C /* CharacterList.swift in Sources */,
				525B411928615540005A808C /* TechAssessmentGetGoApp.swift in Sources */,
				525B414A28621B22005A808C /* Character.swift in Sources */,
			);
			runOnlyForDeploymentPostprocessing = 0;
		};
		525B412228615542005A808C /* Sources */ = {
			isa = PBXSourcesBuildPhase;
			buildActionMask = 2147483647;
			files = (
				525B412B28615542005A808C /* TechAssessmentGetGoTests.swift in Sources */,
			);
			runOnlyForDeploymentPostprocessing = 0;
		};
		525B412D28615542005A808C /* Sources */ = {
			isa = PBXSourcesBuildPhase;
			buildActionMask = 2147483647;
			files = (
				525B413628615542005A808C /* TechAssessmentGetGoUITests.swift in Sources */,
			);
			runOnlyForDeploymentPostprocessing = 0;
		};
/* End PBXSourcesBuildPhase section */

/* Begin PBXTargetDependency section */
		525B412828615542005A808C /* PBXTargetDependency */ = {
			isa = PBXTargetDependency;
			target = 525B411428615540005A808C /* TechAssessmentGetGo */;
			targetProxy = 525B412728615542005A808C /* PBXContainerItemProxy */;
		};
		525B413328615542005A808C /* PBXTargetDependency */ = {
			isa = PBXTargetDependency;
			target = 525B411428615540005A808C /* TechAssessmentGetGo */;
			targetProxy = 525B413228615542005A808C /* PBXContainerItemProxy */;
		};
/* End PBXTargetDependency section */

/* Begin XCBuildConfiguration section */
		525B413828615542005A808C /* Debug */ = {
			isa = XCBuildConfiguration;
			buildSettings = {
				ALWAYS_SEARCH_USER_PATHS = NO;
				CLANG_ANALYZER_NONNULL = YES;
				CLANG_ANALYZER_NUMBER_OBJECT_CONVERSION = YES_AGGRESSIVE;
				CLANG_CXX_LANGUAGE_STANDARD = "gnu++14";
				CLANG_CXX_LIBRARY = "libc++";
				CLANG_ENABLE_MODULES = YES;
				CLANG_ENABLE_OBJC_ARC = YES;
				CLANG_ENABLE_OBJC_WEAK = YES;
				CLANG_WARN_BLOCK_CAPTURE_AUTORELEASING = YES;
				CLANG_WARN_BOOL_CONVERSION = YES;
				CLANG_WARN_COMMA = YES;
				CLANG_WARN_CONSTANT_CONVERSION = YES;
				CLANG_WARN_DEPRECATED_OBJC_IMPLEMENTATIONS = YES;
				CLANG_WARN_DIRECT_OBJC_ISA_USAGE = YES_ERROR;
				CLANG_WARN_DOCUMENTATION_COMMENTS = YES;
				CLANG_WARN_EMPTY_BODY = YES;
				CLANG_WARN_ENUM_CONVERSION = YES;
				CLANG_WARN_INFINITE_RECURSION = YES;
				CLANG_WARN_INT_CONVERSION = YES;
				CLANG_WARN_NON_LITERAL_NULL_CONVERSION = YES;
				CLANG_WARN_OBJC_IMPLICIT_RETAIN_SELF = YES;
				CLANG_WARN_OBJC_LITERAL_CONVERSION = YES;
				CLANG_WARN_OBJC_ROOT_CLASS = YES_ERROR;
				CLANG_WARN_QUOTED_INCLUDE_IN_FRAMEWORK_HEADER = YES;
				CLANG_WARN_RANGE_LOOP_ANALYSIS = YES;
				CLANG_WARN_STRICT_PROTOTYPES = YES;
				CLANG_WARN_SUSPICIOUS_MOVE = YES;
				CLANG_WARN_UNGUARDED_AVAILABILITY = YES_AGGRESSIVE;
				CLANG_WARN_UNREACHABLE_CODE = YES;
				CLANG_WARN__DUPLICATE_METHOD_MATCH = YES;
				COPY_PHASE_STRIP = NO;
				DEBUG_INFORMATION_FORMAT = dwarf;
				ENABLE_STRICT_OBJC_MSGSEND = YES;
				ENABLE_TESTABILITY = YES;
				GCC_C_LANGUAGE_STANDARD = gnu11;
				GCC_DYNAMIC_NO_PIC = NO;
				GCC_NO_COMMON_BLOCKS = YES;
				GCC_OPTIMIZATION_LEVEL = 0;
				GCC_PREPROCESSOR_DEFINITIONS = (
					"DEBUG=1",
					"$(inherited)",
				);
				GCC_WARN_64_TO_32_BIT_CONVERSION = YES;
				GCC_WARN_ABOUT_RETURN_TYPE = YES_ERROR;
				GCC_WARN_UNDECLARED_SELECTOR = YES;
				GCC_WARN_UNINITIALIZED_AUTOS = YES_AGGRESSIVE;
				GCC_WARN_UNUSED_FUNCTION = YES;
				GCC_WARN_UNUSED_VARIABLE = YES;
				IPHONEOS_DEPLOYMENT_TARGET = 14.5;
				MTL_ENABLE_DEBUG_INFO = INCLUDE_SOURCE;
				MTL_FAST_MATH = YES;
				ONLY_ACTIVE_ARCH = YES;
				SDKROOT = iphoneos;
				SWIFT_ACTIVE_COMPILATION_CONDITIONS = DEBUG;
				SWIFT_OPTIMIZATION_LEVEL = "-Onone";
			};
			name = Debug;
		};
		525B413928615542005A808C /* Release */ = {
			isa = XCBuildConfiguration;
			buildSettings = {
				ALWAYS_SEARCH_USER_PATHS = NO;
				CLANG_ANALYZER_NONNULL = YES;
				CLANG_ANALYZER_NUMBER_OBJECT_CONVERSION = YES_AGGRESSIVE;
				CLANG_CXX_LANGUAGE_STANDARD = "gnu++14";
				CLANG_CXX_LIBRARY = "libc++";
				CLANG_ENABLE_MODULES = YES;
				CLANG_ENABLE_OBJC_ARC = YES;
				CLANG_ENABLE_OBJC_WEAK = YES;
				CLANG_WARN_BLOCK_CAPTURE_AUTORELEASING = YES;
				CLANG_WARN_BOOL_CONVERSION = YES;
				CLANG_WARN_COMMA = YES;
				CLANG_WARN_CONSTANT_CONVERSION = YES;
				CLANG_WARN_DEPRECATED_OBJC_IMPLEMENTATIONS = YES;
				CLANG_WARN_DIRECT_OBJC_ISA_USAGE = YES_ERROR;
				CLANG_WARN_DOCUMENTATION_COMMENTS = YES;
				CLANG_WARN_EMPTY_BODY = YES;
				CLANG_WARN_ENUM_CONVERSION = YES;
				CLANG_WARN_INFINITE_RECURSION = YES;
				CLANG_WARN_INT_CONVERSION = YES;
				CLANG_WARN_NON_LITERAL_NULL_CONVERSION = YES;
				CLANG_WARN_OBJC_IMPLICIT_RETAIN_SELF = YES;
				CLANG_WARN_OBJC_LITERAL_CONVERSION = YES;
				CLANG_WARN_OBJC_ROOT_CLASS = YES_ERROR;
				CLANG_WARN_QUOTED_INCLUDE_IN_FRAMEWORK_HEADER = YES;
				CLANG_WARN_RANGE_LOOP_ANALYSIS = YES;
				CLANG_WARN_STRICT_PROTOTYPES = YES;
				CLANG_WARN_SUSPICIOUS_MOVE = YES;
				CLANG_WARN_UNGUARDED_AVAILABILITY = YES_AGGRESSIVE;
				CLANG_WARN_UNREACHABLE_CODE = YES;
				CLANG_WARN__DUPLICATE_METHOD_MATCH = YES;
				COPY_PHASE_STRIP = NO;
				DEBUG_INFORMATION_FORMAT = "dwarf-with-dsym";
				ENABLE_NS_ASSERTIONS = NO;
				ENABLE_STRICT_OBJC_MSGSEND = YES;
				GCC_C_LANGUAGE_STANDARD = gnu11;
				GCC_NO_COMMON_BLOCKS = YES;
				GCC_WARN_64_TO_32_BIT_CONVERSION = YES;
				GCC_WARN_ABOUT_RETURN_TYPE = YES_ERROR;
				GCC_WARN_UNDECLARED_SELECTOR = YES;
				GCC_WARN_UNINITIALIZED_AUTOS = YES_AGGRESSIVE;
				GCC_WARN_UNUSED_FUNCTION = YES;
				GCC_WARN_UNUSED_VARIABLE = YES;
				IPHONEOS_DEPLOYMENT_TARGET = 14.5;
				MTL_ENABLE_DEBUG_INFO = NO;
				MTL_FAST_MATH = YES;
				SDKROOT = iphoneos;
				SWIFT_COMPILATION_MODE = wholemodule;
				SWIFT_OPTIMIZATION_LEVEL = "-O";
				VALIDATE_PRODUCT = YES;
			};
			name = Release;
		};
		525B413B28615542005A808C /* Debug */ = {
			isa = XCBuildConfiguration;
			buildSettings = {
				ASSETCATALOG_COMPILER_APPICON_NAME = AppIcon;
				ASSETCATALOG_COMPILER_GLOBAL_ACCENT_COLOR_NAME = AccentColor;
				CODE_SIGN_STYLE = Automatic;
				DEVELOPMENT_ASSET_PATHS = "\"TechAssessmentGetGo/Preview Content\"";
				DEVELOPMENT_TEAM = 89BCT66XW4;
				ENABLE_PREVIEWS = YES;
				INFOPLIST_FILE = TechAssessmentGetGo/Info.plist;
				IPHONEOS_DEPLOYMENT_TARGET = 14.0;
				LD_RUNPATH_SEARCH_PATHS = (
					"$(inherited)",
					"@executable_path/Frameworks",
				);
				PRODUCT_BUNDLE_IDENTIFIER = com.okky.TechAssessmentGetGo;
				PRODUCT_NAME = "$(TARGET_NAME)";
				SWIFT_VERSION = 5.0;
				TARGETED_DEVICE_FAMILY = "1,2";
			};
			name = Debug;
		};
		525B413C28615542005A808C /* Release */ = {
			isa = XCBuildConfiguration;
			buildSettings = {
				ASSETCATALOG_COMPILER_APPICON_NAME = AppIcon;
				ASSETCATALOG_COMPILER_GLOBAL_ACCENT_COLOR_NAME = AccentColor;
				CODE_SIGN_STYLE = Automatic;
				DEVELOPMENT_ASSET_PATHS = "\"TechAssessmentGetGo/Preview Content\"";
				DEVELOPMENT_TEAM = 89BCT66XW4;
				ENABLE_PREVIEWS = YES;
				INFOPLIST_FILE = TechAssessmentGetGo/Info.plist;
				IPHONEOS_DEPLOYMENT_TARGET = 14.0;
				LD_RUNPATH_SEARCH_PATHS = (
					"$(inherited)",
					"@executable_path/Frameworks",
				);
				PRODUCT_BUNDLE_IDENTIFIER = com.okky.TechAssessmentGetGo;
				PRODUCT_NAME = "$(TARGET_NAME)";
				SWIFT_VERSION = 5.0;
				TARGETED_DEVICE_FAMILY = "1,2";
			};
			name = Release;
		};
		525B413E28615542005A808C /* Debug */ = {
			isa = XCBuildConfiguration;
			buildSettings = {
				ALWAYS_EMBED_SWIFT_STANDARD_LIBRARIES = YES;
				BUNDLE_LOADER = "$(TEST_HOST)";
				CODE_SIGN_STYLE = Automatic;
				DEVELOPMENT_TEAM = 89BCT66XW4;
				INFOPLIST_FILE = TechAssessmentGetGoTests/Info.plist;
				IPHONEOS_DEPLOYMENT_TARGET = 14.0;
				LD_RUNPATH_SEARCH_PATHS = (
					"$(inherited)",
					"@executable_path/Frameworks",
					"@loader_path/Frameworks",
				);
				PRODUCT_BUNDLE_IDENTIFIER = com.okky.TechAssessmentGetGoTests;
				PRODUCT_NAME = "$(TARGET_NAME)";
				SWIFT_VERSION = 5.0;
				TARGETED_DEVICE_FAMILY = "1,2";
				TEST_HOST = "$(BUILT_PRODUCTS_DIR)/TechAssessmentGetGo.app/TechAssessmentGetGo";
			};
			name = Debug;
		};
		525B413F28615542005A808C /* Release */ = {
			isa = XCBuildConfiguration;
			buildSettings = {
				ALWAYS_EMBED_SWIFT_STANDARD_LIBRARIES = YES;
				BUNDLE_LOADER = "$(TEST_HOST)";
				CODE_SIGN_STYLE = Automatic;
				DEVELOPMENT_TEAM = 89BCT66XW4;
				INFOPLIST_FILE = TechAssessmentGetGoTests/Info.plist;
				IPHONEOS_DEPLOYMENT_TARGET = 14.0;
				LD_RUNPATH_SEARCH_PATHS = (
					"$(inherited)",
					"@executable_path/Frameworks",
					"@loader_path/Frameworks",
				);
				PRODUCT_BUNDLE_IDENTIFIER = com.okky.TechAssessmentGetGoTests;
				PRODUCT_NAME = "$(TARGET_NAME)";
				SWIFT_VERSION = 5.0;
				TARGETED_DEVICE_FAMILY = "1,2";
				TEST_HOST = "$(BUILT_PRODUCTS_DIR)/TechAssessmentGetGo.app/TechAssessmentGetGo";
			};
			name = Release;
		};
		525B414128615542005A808C /* Debug */ = {
			isa = XCBuildConfiguration;
			buildSettings = {
				ALWAYS_EMBED_SWIFT_STANDARD_LIBRARIES = YES;
				CODE_SIGN_STYLE = Automatic;
				DEVELOPMENT_TEAM = 89BCT66XW4;
				INFOPLIST_FILE = TechAssessmentGetGoUITests/Info.plist;
				LD_RUNPATH_SEARCH_PATHS = (
					"$(inherited)",
					"@executable_path/Frameworks",
					"@loader_path/Frameworks",
				);
				PRODUCT_BUNDLE_IDENTIFIER = com.okky.TechAssessmentGetGoUITests;
				PRODUCT_NAME = "$(TARGET_NAME)";
				SWIFT_VERSION = 5.0;
				TARGETED_DEVICE_FAMILY = "1,2";
				TEST_TARGET_NAME = TechAssessmentGetGo;
			};
			name = Debug;
		};
		525B414228615542005A808C /* Release */ = {
			isa = XCBuildConfiguration;
			buildSettings = {
				ALWAYS_EMBED_SWIFT_STANDARD_LIBRARIES = YES;
				CODE_SIGN_STYLE = Automatic;
				DEVELOPMENT_TEAM = 89BCT66XW4;
				INFOPLIST_FILE = TechAssessmentGetGoUITests/Info.plist;
				LD_RUNPATH_SEARCH_PATHS = (
					"$(inherited)",
					"@executable_path/Frameworks",
					"@loader_path/Frameworks",
				);
				PRODUCT_BUNDLE_IDENTIFIER = com.okky.TechAssessmentGetGoUITests;
				PRODUCT_NAME = "$(TARGET_NAME)";
				SWIFT_VERSION = 5.0;
				TARGETED_DEVICE_FAMILY = "1,2";
				TEST_TARGET_NAME = TechAssessmentGetGo;
			};
			name = Release;
		};
/* End XCBuildConfiguration section */

/* Begin XCConfigurationList section */
		525B411028615540005A808C /* Build configuration list for PBXProject "TechAssessmentGetGo" */ = {
			isa = XCConfigurationList;
			buildConfigurations = (
				525B413828615542005A808C /* Debug */,
				525B413928615542005A808C /* Release */,
			);
			defaultConfigurationIsVisible = 0;
			defaultConfigurationName = Release;
		};
		525B413A28615542005A808C /* Build configuration list for PBXNativeTarget "TechAssessmentGetGo" */ = {
			isa = XCConfigurationList;
			buildConfigurations = (
				525B413B28615542005A808C /* Debug */,
				525B413C28615542005A808C /* Release */,
			);
			defaultConfigurationIsVisible = 0;
			defaultConfigurationName = Release;
		};
		525B413D28615542005A808C /* Build configuration list for PBXNativeTarget "TechAssessmentGetGoTests" */ = {
			isa = XCConfigurationList;
			buildConfigurations = (
				525B413E28615542005A808C /* Debug */,
				525B413F28615542005A808C /* Release */,
			);
			defaultConfigurationIsVisible = 0;
			defaultConfigurationName = Release;
		};
		525B414028615542005A808C /* Build configuration list for PBXNativeTarget "TechAssessmentGetGoUITests" */ = {
			isa = XCConfigurationList;
			buildConfigurations = (
				525B414128615542005A808C /* Debug */,
				525B414228615542005A808C /* Release */,
			);
			defaultConfigurationIsVisible = 0;
			defaultConfigurationName = Release;
		};
/* End XCConfigurationList section */

/* Begin XCRemoteSwiftPackageReference section */
		525B414D28622288005A808C /* XCRemoteSwiftPackageReference "url-image" */ = {
			isa = XCRemoteSwiftPackageReference;
			repositoryURL = "https://github.com/dmytro-anokhin/url-image";
			requirement = {
				kind = upToNextMajorVersion;
				minimumVersion = 3.1.1;
			};
		};
/* End XCRemoteSwiftPackageReference section */

/* Begin XCSwiftPackageProductDependency section */
		525B414E28622288005A808C /* URLImage */ = {
			isa = XCSwiftPackageProductDependency;
			package = 525B414D28622288005A808C /* XCRemoteSwiftPackageReference "url-image" */;
			productName = URLImage;
		};
/* End XCSwiftPackageProductDependency section */
	};
	rootObject = 525B410D28615540005A808C /* Project object */;
}
